
Microsoft Visual Studio Solution File, Format Version 12.00
# Visual Studio Version 16
VisualStudioVersion = 16.0.32106.194
MinimumVisualStudioVersion = 10.0.40219.1
Project("{FAE04EC0-301F-11D3-BF4B-00C04F79EFBC}") = "ConsoleApp5", "ConsoleApp5.csproj", "{80B760D6-2D8A-4DA6-ACB1-0240FC9EE1DA}"
EndProject
Global
	GlobalSection(SolutionConfigurationPlatforms) = preSolution
		Debug|Any CPU = Debug|Any CPU
		Release|Any CPU = Release|Any CPU
	EndGlobalSection
	GlobalSection(ProjectConfigurationPlatforms) = postSolution
		{80B760D6-2D8A-4DA6-ACB1-0240FC9EE1DA}.Debug|Any CPU.ActiveCfg = Debug|Any CPU
		{80B760D6-2D8A-4DA6-ACB1-0240FC9EE1DA}.Debug|Any CPU.Build.0 = Debug|Any CPU
		{80B760D6-2D8A-4DA6-ACB1-0240FC9EE1DA}.Release|Any CPU.ActiveCfg = Release|Any CPU
		{80B760D6-2D8A-4DA6-ACB1-0240FC9EE1DA}.Release|Any CPU.Build.0 = Release|Any CPU
	EndGlobalSection
	GlobalSection(SolutionProperties) = preSolution
		HideSolutionNode = FALSE
	EndGlobalSection
	GlobalSection(ExtensibilityGlobals) = postSolution
		SolutionGuid = {F3B85430-271D-47B8-B7E8-4A12330127CB}
	EndGlobalSection
EndGlobal
